
Microsoft Visual Studio Solution File, Format Version 12.00
Project("{FAE04EC0-301F-11D3-BF4B-00C04F79EFBC}") = "TestRepo.Api", "TestRepo.Api\TestRepo.Api.csproj", "{F95A5AAD-250C-4272-BC4D-D342DC4B7D77}"
EndProject
Project("{FAE04EC0-301F-11D3-BF4B-00C04F79EFBC}") = "TestRepo.Service", "TestRepo.Service\TestRepo.Service.csproj", "{988D4E50-3CFB-49F9-BBE8-8ED1AC314C8C}"
EndProject
Project("{FAE04EC0-301F-11D3-BF4B-00C04F79EFBC}") = "TestRepo.Repository", "TestRepo.Repository\TestRepo.Repository.csproj", "{9FD0DDFB-4800-40EA-9848-704825FB0C7D}"
EndProject
Global
	GlobalSection(SolutionConfigurationPlatforms) = preSolution
		Debug|Any CPU = Debug|Any CPU
		Release|Any CPU = Release|Any CPU
	EndGlobalSection
	GlobalSection(ProjectConfigurationPlatforms) = postSolution
		{F95A5AAD-250C-4272-BC4D-D342DC4B7D77}.Debug|Any CPU.ActiveCfg = Debug|Any CPU
		{F95A5AAD-250C-4272-BC4D-D342DC4B7D77}.Debug|Any CPU.Build.0 = Debug|Any CPU
		{F95A5AAD-250C-4272-BC4D-D342DC4B7D77}.Release|Any CPU.ActiveCfg = Release|Any CPU
		{F95A5AAD-250C-4272-BC4D-D342DC4B7D77}.Release|Any CPU.Build.0 = Release|Any CPU
		{988D4E50-3CFB-49F9-BBE8-8ED1AC314C8C}.Debug|Any CPU.ActiveCfg = Debug|Any CPU
		{988D4E50-3CFB-49F9-BBE8-8ED1AC314C8C}.Debug|Any CPU.Build.0 = Debug|Any CPU
		{988D4E50-3CFB-49F9-BBE8-8ED1AC314C8C}.Release|Any CPU.ActiveCfg = Release|Any CPU
		{988D4E50-3CFB-49F9-BBE8-8ED1AC314C8C}.Release|Any CPU.Build.0 = Release|Any CPU
		{9FD0DDFB-4800-40EA-9848-704825FB0C7D}.Debug|Any CPU.ActiveCfg = Debug|Any CPU
		{9FD0DDFB-4800-40EA-9848-704825FB0C7D}.Debug|Any CPU.Build.0 = Debug|Any CPU
		{9FD0DDFB-4800-40EA-9848-704825FB0C7D}.Release|Any CPU.ActiveCfg = Release|Any CPU
		{9FD0DDFB-4800-40EA-9848-704825FB0C7D}.Release|Any CPU.Build.0 = Release|Any CPU
	EndGlobalSection
EndGlobal
